
Microsoft Visual Studio Solution File, Format Version 12.00
# Visual Studio 15
VisualStudioVersion = 15.0.27703.2026
MinimumVisualStudioVersion = 10.0.40219.1
Project("{9A19103F-16F7-4668-BE54-9A1E7A4F7556}") = "Boondoggle.System.Reflection", "Boondoggle.System.Reflection\Boondoggle.System.Reflection.csproj", "{FC94E8AC-501D-425A-BB8A-F6CB1E6A0FA0}"
EndProject
Project("{2150E333-8FDC-42A3-9474-1A3956D46DE8}") = ".msbuild", ".msbuild", "{2554A11F-CCBD-459E-9AAA-EB062BEF1764}"
	ProjectSection(SolutionItems) = preProject
		directory.build.props = directory.build.props
	EndProjectSection
EndProject
Project("{2150E333-8FDC-42A3-9474-1A3956D46DE8}") = "Tests", "Tests", "{01C9F9CE-89A8-4B2B-836E-57337D3F4942}"
EndProject
Project("{9A19103F-16F7-4668-BE54-9A1E7A4F7556}") = "Boondoggle.System.ComponentModel", "Boondoggle.System.ComponentModel\Boondoggle.System.ComponentModel.csproj", "{52C1A359-24A1-4709-A191-939483EA9CEB}"
EndProject
Project("{7CF6DF6D-3B04-46F8-A40B-537D21BCA0B4}") = "Boondoggle.Documentation", "Boondoggle.Documentation\Boondoggle.Documentation.shfbproj", "{64C4D93F-7DD5-4BA0-9669-24561D582332}"
EndProject
Project("{FAE04EC0-301F-11D3-BF4B-00C04F79EFBC}") = "Boondoggle.System", "Boondoggle.System\Boondoggle.System.csproj", "{135A64C0-5A61-466D-A72F-ADEF4D0479F6}"
EndProject
Project("{D954291E-2A0B-460D-934E-DC6B0785DB48}") = "System", "System\System.shproj", "{AB8ED0B5-B46D-4A8F-8805-EFEF5270263D}"
EndProject
Project("{FAE04EC0-301F-11D3-BF4B-00C04F79EFBC}") = "Boondoggle.All", "Boondoggle.All\Boondoggle.All.csproj", "{4AC0C3A1-66B1-46F5-A9A6-615D4DD40737}"
EndProject
Project("{2150E333-8FDC-42A3-9474-1A3956D46DE8}") = "docs.Sandcastle", "docs.Sandcastle", "{FFB1F69F-B9A4-477C-AFCF-9F1D4C17CFFC}"
EndProject
Project("{D954291E-2A0B-460D-934E-DC6B0785DB48}") = "System.ComponentModel", "System.ComponentModel\System.ComponentModel.shproj", "{79F5112E-06E7-421C-A17E-9F0607DD6C08}"
EndProject
Project("{D954291E-2A0B-460D-934E-DC6B0785DB48}") = "System.Reflection", "System.Reflection\System.Reflection.shproj", "{C7D2BB5B-C85F-4152-95C4-F3599C06C88A}"
EndProject
Project("{2150E333-8FDC-42A3-9474-1A3956D46DE8}") = "Packages", "Packages", "{BA4B5214-FC80-4784-9185-DCC79FBBDF74}"
EndProject
Project("{2150E333-8FDC-42A3-9474-1A3956D46DE8}") = ".github", ".github", "{FF1BD3AF-9881-438C-9818-4F99549A27D0}"
	ProjectSection(SolutionItems) = preProject
		LICENSE = LICENSE
		README.md = README.md
	EndProjectSection
EndProject
Global
	GlobalSection(SharedMSBuildProjectFiles) = preSolution
		System.ComponentModel\System.ComponentModel.projitems*{79f5112e-06e7-421c-a17e-9f0607dd6c08}*SharedItemsImports = 13
		System\System.projitems*{ab8ed0b5-b46d-4a8f-8805-efef5270263d}*SharedItemsImports = 13
		System.Reflection\System.Reflection.projitems*{c7d2bb5b-c85f-4152-95c4-f3599c06c88a}*SharedItemsImports = 13
	EndGlobalSection
	GlobalSection(SolutionConfigurationPlatforms) = preSolution
		Debug|Any CPU = Debug|Any CPU
		Release|Any CPU = Release|Any CPU
	EndGlobalSection
	GlobalSection(ProjectConfigurationPlatforms) = postSolution
		{FC94E8AC-501D-425A-BB8A-F6CB1E6A0FA0}.Debug|Any CPU.ActiveCfg = Debug|Any CPU
		{FC94E8AC-501D-425A-BB8A-F6CB1E6A0FA0}.Debug|Any CPU.Build.0 = Debug|Any CPU
		{FC94E8AC-501D-425A-BB8A-F6CB1E6A0FA0}.Release|Any CPU.ActiveCfg = Release|Any CPU
		{FC94E8AC-501D-425A-BB8A-F6CB1E6A0FA0}.Release|Any CPU.Build.0 = Release|Any CPU
		{52C1A359-24A1-4709-A191-939483EA9CEB}.Debug|Any CPU.ActiveCfg = Debug|Any CPU
		{52C1A359-24A1-4709-A191-939483EA9CEB}.Debug|Any CPU.Build.0 = Debug|Any CPU
		{52C1A359-24A1-4709-A191-939483EA9CEB}.Release|Any CPU.ActiveCfg = Release|Any CPU
		{52C1A359-24A1-4709-A191-939483EA9CEB}.Release|Any CPU.Build.0 = Release|Any CPU
		{64C4D93F-7DD5-4BA0-9669-24561D582332}.Debug|Any CPU.ActiveCfg = Debug|Any CPU
		{64C4D93F-7DD5-4BA0-9669-24561D582332}.Debug|Any CPU.Build.0 = Debug|Any CPU
		{64C4D93F-7DD5-4BA0-9669-24561D582332}.Release|Any CPU.ActiveCfg = Release|Any CPU
		{135A64C0-5A61-466D-A72F-ADEF4D0479F6}.Debug|Any CPU.ActiveCfg = Debug|Any CPU
		{135A64C0-5A61-466D-A72F-ADEF4D0479F6}.Debug|Any CPU.Build.0 = Debug|Any CPU
		{135A64C0-5A61-466D-A72F-ADEF4D0479F6}.Release|Any CPU.ActiveCfg = Release|Any CPU
		{135A64C0-5A61-466D-A72F-ADEF4D0479F6}.Release|Any CPU.Build.0 = Release|Any CPU
		{4AC0C3A1-66B1-46F5-A9A6-615D4DD40737}.Debug|Any CPU.ActiveCfg = Debug|Any CPU
		{4AC0C3A1-66B1-46F5-A9A6-615D4DD40737}.Debug|Any CPU.Build.0 = Debug|Any CPU
		{4AC0C3A1-66B1-46F5-A9A6-615D4DD40737}.Release|Any CPU.ActiveCfg = Release|Any CPU
		{4AC0C3A1-66B1-46F5-A9A6-615D4DD40737}.Release|Any CPU.Build.0 = Release|Any CPU
	EndGlobalSection
	GlobalSection(SolutionProperties) = preSolution
		HideSolutionNode = FALSE
	EndGlobalSection
	GlobalSection(NestedProjects) = preSolution
		{FC94E8AC-501D-425A-BB8A-F6CB1E6A0FA0} = {BA4B5214-FC80-4784-9185-DCC79FBBDF74}
		{52C1A359-24A1-4709-A191-939483EA9CEB} = {BA4B5214-FC80-4784-9185-DCC79FBBDF74}
		{64C4D93F-7DD5-4BA0-9669-24561D582332} = {FFB1F69F-B9A4-477C-AFCF-9F1D4C17CFFC}
		{135A64C0-5A61-466D-A72F-ADEF4D0479F6} = {BA4B5214-FC80-4784-9185-DCC79FBBDF74}
		{4AC0C3A1-66B1-46F5-A9A6-615D4DD40737} = {BA4B5214-FC80-4784-9185-DCC79FBBDF74}
	EndGlobalSection
	GlobalSection(ExtensibilityGlobals) = postSolution
		SolutionGuid = {9E645C0D-C293-4DF2-8051-C79A497AF7F5}
	EndGlobalSection
EndGlobal
